schema: '2.0'
stages:
  prepare:
    cmd: python src/prepare.py
    deps:
    - path: data/raw/sales.csv
      hash: md5
      md5: b9c68132c8928ec5d24c04f7aa3a5d94
      size: 34635
    - path: src/prepare.py
      hash: md5
      md5: 84a099044c97fd81191521ad8b4da0b4
      size: 2272
    - path: src/utils.py
      hash: md5
      md5: 1cb92655b3254051166d8bdc27a7fab8
      size: 495
    params:
      params.yaml:
        prepare:
          store_id: 1
          item_id: 1
          train_end: '2015-12-31'
          stream_end: '2016-12-31'
          rolling_window: 7
          drift_start: '2016-07-01'
          drift_factor: 2.0
    outs:
    - path: data/processed/meta.json
      hash: md5
      md5: e1d129aba15580fccafac5382245ea5d
      size: 146
    - path: data/processed/stream.parquet
      hash: md5
      md5: c8c8c771dd2d1e54b189daf31749271e
      size: 9340
    - path: data/processed/test.parquet
      hash: md5
      md5: a06044f214ae8af44ab41f7dad6645fe
      size: 9007
    - path: data/processed/train.parquet
      hash: md5
      md5: d7a659ce1738803029cdecb0d46afd5d
      size: 16922
  train:
    cmd: python src/train.py
    deps:
    - path: data/processed/train.parquet
      hash: md5
      md5: d7a659ce1738803029cdecb0d46afd5d
      size: 16922
    - path: src/agent.py
      hash: md5
      md5: 25162173b32b97aaca9430bb76ed7ff3
      size: 1579
    - path: src/env.py
      hash: md5
      md5: cb04b34d3eaf9c55b6d0dd6f29f6685d
      size: 1694
    - path: src/train.py
      hash: md5
      md5: 5e573d6ab5498d821fdbe8869a5c7388
      size: 1912
    - path: src/utils.py
      hash: md5
      md5: 1cb92655b3254051166d8bdc27a7fab8
      size: 495
    params:
      params.yaml:
        env:
          actions:
          - 0
          - 10
          - 20
          - 40
          stock_bins:
          - 5
          - 10
          - 20
          - 30
          - 45
          - 60
          - 80
          capacity: 100
          initial_stock: 20
          episode_length: 60
          price: 5.0
          order_cost: 2.0
          holding_cost: 0.3
          stockout_penalty: 2.0
        train:
          alpha: 0.2
          gamma: 0.95
          epsilon_start: 1.0
          epsilon_end: 0.05
          episodes: 600
          seed: 42
    outs:
    - path: metrics/plots/training_curve.csv
      hash: md5
      md5: 6e900083490538cbaa8400b278b6109b
      size: 7102
    - path: metrics/train.json
      hash: md5
      md5: ef4a32ea325ebdda4088f76cfc41ed1e
      size: 110
    - path: models/q_table.json
      hash: md5
      md5: 5c26c4a9536f18b0cdc0852910f3a81e
      size: 16699
  evaluate:
    cmd: python src/evaluate.py
    deps:
    - path: data/processed/test.parquet
      hash: md5
      md5: a06044f214ae8af44ab41f7dad6645fe
      size: 9007
    - path: models/q_table.json
      hash: md5
      md5: 5c26c4a9536f18b0cdc0852910f3a81e
      size: 16699
    - path: src/agent.py
      hash: md5
      md5: 25162173b32b97aaca9430bb76ed7ff3
      size: 1579
    - path: src/env.py
      hash: md5
      md5: cb04b34d3eaf9c55b6d0dd6f29f6685d
      size: 1694
    - path: src/evaluate.py
      hash: md5
      md5: 20673e2f7159bfec0f0e8b913d461ab2
      size: 2470
    - path: src/utils.py
      hash: md5
      md5: 1cb92655b3254051166d8bdc27a7fab8
      size: 495
    params:
      params.yaml:
        env:
          actions:
          - 0
          - 10
          - 20
          - 40
          stock_bins:
          - 5
          - 10
          - 20
          - 30
          - 45
          - 60
          - 80
          capacity: 100
          initial_stock: 20
          episode_length: 60
          price: 5.0
          order_cost: 2.0
          holding_cost: 0.3
          stockout_penalty: 2.0
    outs:
    - path: metrics/eval.json
      hash: md5
      md5: a38809688a26c599046bb9b8719322c1
      size: 569
    - path: results/policy_comparison.png
      hash: md5
      md5: e7a1831b14da38b7c7958ae80b57fa05
      size: 25931
  online_drift:
    cmd: python src/online_drift.py
    deps:
    - path: data/processed/stream.parquet
      hash: md5
      md5: c8c8c771dd2d1e54b189daf31749271e
      size: 9340
    - path: data/processed/train.parquet
      hash: md5
      md5: d7a659ce1738803029cdecb0d46afd5d
      size: 16922
    - path: models/q_table.json
      hash: md5
      md5: 5dc8dba0949efad5d839efe2c7625063
      size: 16629
    - path: src/agent.py
      hash: md5
      md5: 25162173b32b97aaca9430bb76ed7ff3
      size: 1579
    - path: src/env.py
      hash: md5
      md5: cb04b34d3eaf9c55b6d0dd6f29f6685d
      size: 1694
    - path: src/online_drift.py
      hash: md5
      md5: 2a33dc398ca3bd954eac0e5a2aa0dbe9
      size: 5524
    - path: src/utils.py
      hash: md5
      md5: 1cb92655b3254051166d8bdc27a7fab8
      size: 495
    params:
      params.yaml:
        drift:
          adwin_delta: 0.002
          respond: true
          retrain_window: 14
          retrain_passes: 50
          retrain_alpha: 0.2
          retrain_epsilon: 0.2
        env:
          actions:
          - 0
          - 10
          - 20
          - 40
          stock_bins:
          - 5
          - 10
          - 20
          - 30
          - 45
          - 60
          - 80
          capacity: 100
          initial_stock: 20
          episode_length: 60
          price: 5.0
          order_cost: 2.0
          holding_cost: 0.3
          stockout_penalty: 2.0
        online:
          alpha: 0.05
          epsilon: 0.05
          river_lr: 0.01
        prepare.drift_start: '2016-07-01'
        train.gamma: 0.95
        train.seed: 42
    outs:
    - path: metrics/drift.json
      hash: md5
      md5: 35f91f138f2791ddcc07c4c96f2fd209
      size: 402
    - path: metrics/plots/online_rewards.csv
      hash: md5
      md5: 0d1c9664bde2869c8fcadbbc29b26810
      size: 5805
    - path: results/online_drift.png
      hash: md5
      md5: e8dbc5b9a2c45a8aa4da28afc607c074
      size: 70327
  feast_serve:
    cmd: python src/feast_serve.py
    deps:
    - path: data/processed/test.parquet
      hash: md5
      md5: a06044f214ae8af44ab41f7dad6645fe
      size: 9007
    - path: data/processed/train.parquet
      hash: md5
      md5: d7a659ce1738803029cdecb0d46afd5d
      size: 16922
    - path: feature_repo/feature_store.yaml
      hash: md5
      md5: 2a2b2c62601d8ce57f9ce3f3e03ffeda
      size: 209
    - path: feature_repo/features.py
      hash: md5
      md5: 6081cdf95a1101ef679ca65754b7e3ca
      size: 765
    - path: models/q_table.json
      hash: md5
      md5: 5dc8dba0949efad5d839efe2c7625063
      size: 16629
    - path: src/feast_serve.py
      hash: md5
      md5: ecf833378f63598cc2c38c168d6e21b4
      size: 3230
    - path: src/utils.py
      hash: md5
      md5: 1cb92655b3254051166d8bdc27a7fab8
      size: 495
    params:
      params.yaml:
        env:
          actions:
          - 0
          - 10
          - 20
          - 40
          stock_bins:
          - 5
          - 10
          - 20
          - 30
          - 45
          - 60
          - 80
          capacity: 100
          initial_stock: 20
          episode_length: 60
          price: 5.0
          order_cost: 2.0
          holding_cost: 0.3
          stockout_penalty: 2.0
    outs:
    - path: metrics/feast.json
      hash: md5
      md5: 442d742aa516938c1a7e0aca7a0597f0
      size: 296
